{
  "name": "smallit-vue-helper",
  "version": "0.0.2",
  "lockfileVersion": 3,
  "requires": true,
  "packages": {
    "": {
      "name": "smallit-vue-helper",
      "version": "0.0.2",
      "license": "MIT",
      "devDependencies": {},
      "engines": {
        "vscode": "^1.99.0"
      }
    }
  }
}
